
Microsoft Visual Studio Solution File, Format Version 12.00
# Visual Studio 15
Project("{FAE04EC0-301F-11D3-BF4B-00C04F79EFBC}") = "Assembly-CSharp", "Assembly-CSharp.csproj", "{7F5A096C-4B04-F81E-8C35-BD8BF031DAC4}"
EndProject
Project("{FAE04EC0-301F-11D3-BF4B-00C04F79EFBC}") = "Assembly-CSharp-Editor", "Assembly-CSharp-Editor.csproj", "{A8F0584C-0580-119E-4D9A-C3B4CDBB1FEB}"
EndProject
Global
	GlobalSection(SolutionConfigurationPlatforms) = preSolution
		Debug|Any CPU = Debug|Any CPU
		Release|Any CPU = Release|Any CPU
	EndGlobalSection
	GlobalSection(ProjectConfigurationPlatforms) = postSolution
		{7F5A096C-4B04-F81E-8C35-BD8BF031DAC4}.Debug|Any CPU.ActiveCfg = Debug|Any CPU
		{7F5A096C-4B04-F81E-8C35-BD8BF031DAC4}.Debug|Any CPU.Build.0 = Debug|Any CPU
		{7F5A096C-4B04-F81E-8C35-BD8BF031DAC4}.Release|Any CPU.ActiveCfg = Release|Any CPU
		{7F5A096C-4B04-F81E-8C35-BD8BF031DAC4}.Release|Any CPU.Build.0 = Release|Any CPU
		{A8F0584C-0580-119E-4D9A-C3B4CDBB1FEB}.Debug|Any CPU.ActiveCfg = Debug|Any CPU
		{A8F0584C-0580-119E-4D9A-C3B4CDBB1FEB}.Debug|Any CPU.Build.0 = Debug|Any CPU
		{A8F0584C-0580-119E-4D9A-C3B4CDBB1FEB}.Release|Any CPU.ActiveCfg = Release|Any CPU
		{A8F0584C-0580-119E-4D9A-C3B4CDBB1FEB}.Release|Any CPU.Build.0 = Release|Any CPU
	EndGlobalSection
	GlobalSection(SolutionProperties) = preSolution
		HideSolutionNode = FALSE
	EndGlobalSection
EndGlobal
